
Microsoft Visual Studio Solution File, Format Version 12.00
# Visual Studio 2013
VisualStudioVersion = 12.0.21005.1
MinimumVisualStudioVersion = 10.0.40219.1
Project("{FAE04EC0-301F-11D3-BF4B-00C04F79EFBC}") = "utm_country", "utm_country\utm_country.csproj", "{597282AE-29EB-4585-96FD-8157F8B9962A}"
EndProject
Project("{FAE04EC0-301F-11D3-BF4B-00C04F79EFBC}") = "utm_utils", "..\utm_utils\utm_utils\utm_utils.csproj", "{AAC8BA2B-9FC7-4618-B379-62A67F77305D}"
EndProject
Global
	GlobalSection(SolutionConfigurationPlatforms) = preSolution
		Debug|Any CPU = Debug|Any CPU
		Release|Any CPU = Release|Any CPU
	EndGlobalSection
	GlobalSection(ProjectConfigurationPlatforms) = postSolution
		{597282AE-29EB-4585-96FD-8157F8B9962A}.Debug|Any CPU.ActiveCfg = Debug|Any CPU
		{597282AE-29EB-4585-96FD-8157F8B9962A}.Debug|Any CPU.Build.0 = Debug|Any CPU
		{597282AE-29EB-4585-96FD-8157F8B9962A}.Release|Any CPU.ActiveCfg = Release|Any CPU
		{597282AE-29EB-4585-96FD-8157F8B9962A}.Release|Any CPU.Build.0 = Release|Any CPU
		{AAC8BA2B-9FC7-4618-B379-62A67F77305D}.Debug|Any CPU.ActiveCfg = Debug|Any CPU
		{AAC8BA2B-9FC7-4618-B379-62A67F77305D}.Debug|Any CPU.Build.0 = Debug|Any CPU
		{AAC8BA2B-9FC7-4618-B379-62A67F77305D}.Release|Any CPU.ActiveCfg = Release|Any CPU
		{AAC8BA2B-9FC7-4618-B379-62A67F77305D}.Release|Any CPU.Build.0 = Release|Any CPU
	EndGlobalSection
	GlobalSection(SolutionProperties) = preSolution
		HideSolutionNode = FALSE
	EndGlobalSection
EndGlobal
